<Solution>
  <Folder Name="/Core/">
    <Project Path="CONADIS.Application/CONADIS.Application.csproj" Id="81cae02d-358b-4f42-9d78-69812f767c43" />
    <Project Path="CONADIS.Domain/CONADIS.Domain.csproj" Id="a8796305-3e2f-4f42-a63b-822bb94b813a" />
  </Folder>
  <Folder Name="/Infraestructura/">
    <Project Path="CONADIS.Infrastructure/CONADIS.Infrastructure.csproj" Id="87146db7-99fd-416c-b55d-dd572240168a" />
  </Folder>
  <Folder Name="/Presentacion/" />
  <Folder Name="/Solution Items/">
    <File Path=".editorconfig" />
  </Folder>
  <Folder Name="/Tests/">
    <Project Path="CONADIS.UnitTests/CONADIS.UnitTests.csproj" Id="f84b7773-f217-48e4-b566-4a2c40d2ddca" />
  </Folder>
</Solution>
